// !$*UTF8*$!
{
	archiveVersion = 1;
	classes = {
	};
	objectVersion = 56;
	objects = {

/* Begin PBXBuildFile section */
		0B10E42C2ABE4F17007DE28B /* GoogleService-Info.plist in Resources */ = {isa = PBXBuildFile; fileRef = 0B10E42B2ABE4F17007DE28B /* GoogleService-Info.plist */; };
		0B10E4312ABE538B007DE28B /* ViewModel.swift in Sources */ = {isa = PBXBuildFile; fileRef = 0B10E4302ABE538B007DE28B /* ViewModel.swift */; };
		0B57A88C2ABDE31700D72FA0 /* OneSignalExtension in Frameworks */ = {isa = PBXBuildFile; productRef = 0B57A88B2ABDE31700D72FA0 /* OneSignalExtension */; };
		0B57A88E2ABDE31700D72FA0 /* OneSignalFramework in Frameworks */ = {isa = PBXBuildFile; productRef = 0B57A88D2ABDE31700D72FA0 /* OneSignalFramework */; };
		0B57A8902ABDE31700D72FA0 /* OneSignalInAppMessages in Frameworks */ = {isa = PBXBuildFile; productRef = 0B57A88F2ABDE31700D72FA0 /* OneSignalInAppMessages */; };
		0B57A8922ABDE31700D72FA0 /* OneSignalLocation in Frameworks */ = {isa = PBXBuildFile; productRef = 0B57A8912ABDE31700D72FA0 /* OneSignalLocation */; };
		0B843DDF2ABBA7D4002CA641 /* SMRApp.swift in Sources */ = {isa = PBXBuildFile; fileRef = 0B843DDE2ABBA7D4002CA641 /* SMRApp.swift */; };
		0B843DE12ABBA7D4002CA641 /* ContentView.swift in Sources */ = {isa = PBXBuildFile; fileRef = 0B843DE02ABBA7D4002CA641 /* ContentView.swift */; };
		0B843DE32ABBA7D5002CA641 /* Assets.xcassets in Resources */ = {isa = PBXBuildFile; fileRef = 0B843DE22ABBA7D5002CA641 /* Assets.xcassets */; };
		0B843DE62ABBA7D5002CA641 /* Preview Assets.xcassets in Resources */ = {isa = PBXBuildFile; fileRef = 0B843DE52ABBA7D5002CA641 /* Preview Assets.xcassets */; };
		0B843DED2ABBA8D7002CA641 /* GetStartView.swift in Sources */ = {isa = PBXBuildFile; fileRef = 0B843DEC2ABBA8D7002CA641 /* GetStartView.swift */; };
		0B843DEF2ABBB444002CA641 /* HomeView.swift in Sources */ = {isa = PBXBuildFile; fileRef = 0B843DEE2ABBB444002CA641 /* HomeView.swift */; };
		0BD9F7832ABF348D0068F3A2 /* FirebaseDatabase in Frameworks */ = {isa = PBXBuildFile; productRef = 0BD9F7822ABF348D0068F3A2 /* FirebaseDatabase */; };
		0BD9F7852ABF348D0068F3A2 /* FirebaseDatabaseSwift in Frameworks */ = {isa = PBXBuildFile; productRef = 0BD9F7842ABF348D0068F3A2 /* FirebaseDatabaseSwift */; };
		0BD9F7872ABF3D530068F3A2 /* CameraView.swift in Sources */ = {isa = PBXBuildFile; fileRef = 0BD9F7862ABF3D530068F3A2 /* CameraView.swift */; };
		0BF55E792AC3145F000F3126 /* NotificationService.swift in Sources */ = {isa = PBXBuildFile; fileRef = 0BF55E782AC3145F000F3126 /* NotificationService.swift */; };
		0BF55E7D2AC3145F000F3126 /* OneSignalNotificationServiceExtension.appex in Embed Foundation Extensions */ = {isa = PBXBuildFile; fileRef = 0BF55E762AC3145F000F3126 /* OneSignalNotificationServiceExtension.appex */; settings = {ATTRIBUTES = (RemoveHeadersOnCopy, ); }; };
		0BFBDDB72AC32656006E74FC /* ObjectListView.swift in Sources */ = {isa = PBXBuildFile; fileRef = 0BFBDDB62AC32656006E74FC /* ObjectListView.swift */; };
/* End PBXBuildFile section */

/* Begin PBXContainerItemProxy section */
		0BF55E7B2AC3145F000F3126 /* PBXContainerItemProxy */ = {
			isa = PBXContainerItemProxy;
			containerPortal = 0B843DD32ABBA7D4002CA641 /* Project object */;
			proxyType = 1;
			remoteGlobalIDString = 0BF55E752AC3145F000F3126;
			remoteInfo = OneSignalNotificationServiceExtension;
		};
/* End PBXContainerItemProxy section */

/* Begin PBXCopyFilesBuildPhase section */
		0BF55E7E2AC3145F000F3126 /* Embed Foundation Extensions */ = {
			isa = PBXCopyFilesBuildPhase;
			buildActionMask = 2147483647;
			dstPath = "";
			dstSubfolderSpec = 13;
			files = (
				0BF55E7D2AC3145F000F3126 /* OneSignalNotificationServiceExtension.appex in Embed Foundation Extensions */,
			);
			name = "Embed Foundation Extensions";
			runOnlyForDeploymentPostprocessing = 0;
		};
/* End PBXCopyFilesBuildPhase section */

/* Begin PBXFileReference section */
		0B10E42B2ABE4F17007DE28B /* GoogleService-Info.plist */ = {isa = PBXFileReference; fileEncoding = 4; lastKnownFileType = text.plist.xml; path = "GoogleService-Info.plist"; sourceTree = "<group>"; };
		0B10E4302ABE538B007DE28B /* ViewModel.swift */ = {isa = PBXFileReference; lastKnownFileType = sourcecode.swift; path = ViewModel.swift; sourceTree = "<group>"; };
		0B57A8932ABDE34800D72FA0 /* SMR.entitlements */ = {isa = PBXFileReference; lastKnownFileType = text.plist.entitlements; path = SMR.entitlements; sourceTree = "<group>"; };
		0B57A8942ABDE35B00D72FA0 /* Info.plist */ = {isa = PBXFileReference; lastKnownFileType = text.plist; path = Info.plist; sourceTree = "<group>"; };
		0B843DDB2ABBA7D4002CA641 /* SMR.app */ = {isa = PBXFileReference; explicitFileType = wrapper.application; includeInIndex = 0; path = SMR.app; sourceTree = BUILT_PRODUCTS_DIR; };
		0B843DDE2ABBA7D4002CA641 /* SMRApp.swift */ = {isa = PBXFileReference; lastKnownFileType = sourcecode.swift; path = SMRApp.swift; sourceTree = "<group>"; };
		0B843DE02ABBA7D4002CA641 /* ContentView.swift */ = {isa = PBXFileReference; lastKnownFileType = sourcecode.swift; path = ContentView.swift; sourceTree = "<group>"; };
		0B843DE22ABBA7D5002CA641 /* Assets.xcassets */ = {isa = PBXFileReference; lastKnownFileType = folder.assetcatalog; path = Assets.xcassets; sourceTree = "<group>"; };
		0B843DE52ABBA7D5002CA641 /* Preview Assets.xcassets */ = {isa = PBXFileReference; lastKnownFileType = folder.assetcatalog; path = "Preview Assets.xcassets"; sourceTree = "<group>"; };
		0B843DEC2ABBA8D7002CA641 /* GetStartView.swift */ = {isa = PBXFileReference; lastKnownFileType = sourcecode.swift; path = GetStartView.swift; sourceTree = "<group>"; };
		0B843DEE2ABBB444002CA641 /* HomeView.swift */ = {isa = PBXFileReference; lastKnownFileType = sourcecode.swift; path = HomeView.swift; sourceTree = "<group>"; };
		0BD9F7862ABF3D530068F3A2 /* CameraView.swift */ = {isa = PBXFileReference; lastKnownFileType = sourcecode.swift; path = CameraView.swift; sourceTree = "<group>"; };
		0BF55E762AC3145F000F3126 /* OneSignalNotificationServiceExtension.appex */ = {isa = PBXFileReference; explicitFileType = "wrapper.app-extension"; includeInIndex = 0; path = OneSignalNotificationServiceExtension.appex; sourceTree = BUILT_PRODUCTS_DIR; };
		0BF55E782AC3145F000F3126 /* NotificationService.swift */ = {isa = PBXFileReference; lastKnownFileType = sourcecode.swift; path = NotificationService.swift; sourceTree = "<group>"; };
		0BF55E7A2AC3145F000F3126 /* Info.plist */ = {isa = PBXFileReference; lastKnownFileType = text.plist.xml; path = Info.plist; sourceTree = "<group>"; };
		0BFBDDB62AC32656006E74FC /* ObjectListView.swift */ = {isa = PBXFileReference; lastKnownFileType = sourcecode.swift; path = ObjectListView.swift; sourceTree = "<group>"; };
/* End PBXFileReference section */

/* Begin PBXFrameworksBuildPhase section */
		0B843DD82ABBA7D4002CA641 /* Frameworks */ = {
			isa = PBXFrameworksBuildPhase;
			buildActionMask = 2147483647;
			files = (
				0BD9F7852ABF348D0068F3A2 /* FirebaseDatabaseSwift in Frameworks */,
				0BD9F7832ABF348D0068F3A2 /* FirebaseDatabase in Frameworks */,
				0B57A8902ABDE31700D72FA0 /* OneSignalInAppMessages in Frameworks */,
				0B57A88E2ABDE31700D72FA0 /* OneSignalFramework in Frameworks */,
				0B57A8922ABDE31700D72FA0 /* OneSignalLocation in Frameworks */,
				0B57A88C2ABDE31700D72FA0 /* OneSignalExtension in Frameworks */,
			);
			runOnlyForDeploymentPostprocessing = 0;
		};
		0BF55E732AC3145F000F3126 /* Frameworks */ = {
			isa = PBXFrameworksBuildPhase;
			buildActionMask = 2147483647;
			files = (
			);
			runOnlyForDeploymentPostprocessing = 0;
		};
/* End PBXFrameworksBuildPhase section */

/* Begin PBXGroup section */
		0B843DD22ABBA7D4002CA641 = {
			isa = PBXGroup;
			children = (
				0B843DDD2ABBA7D4002CA641 /* SMR */,
				0BF55E772AC3145F000F3126 /* OneSignalNotificationServiceExtension */,
				0B843DDC2ABBA7D4002CA641 /* Products */,
			);
			sourceTree = "<group>";
		};
		0B843DDC2ABBA7D4002CA641 /* Products */ = {
			isa = PBXGroup;
			children = (
				0B843DDB2ABBA7D4002CA641 /* SMR.app */,
				0BF55E762AC3145F000F3126 /* OneSignalNotificationServiceExtension.appex */,
			);
			name = Products;
			sourceTree = "<group>";
		};
		0B843DDD2ABBA7D4002CA641 /* SMR */ = {
			isa = PBXGroup;
			children = (
				0B57A8942ABDE35B00D72FA0 /* Info.plist */,
				0B57A8932ABDE34800D72FA0 /* SMR.entitlements */,
				0B843DDE2ABBA7D4002CA641 /* SMRApp.swift */,
				0B843DE02ABBA7D4002CA641 /* ContentView.swift */,
				0B843DEC2ABBA8D7002CA641 /* GetStartView.swift */,
				0B843DEE2ABBB444002CA641 /* HomeView.swift */,
				0BFBDDB62AC32656006E74FC /* ObjectListView.swift */,
				0BD9F7862ABF3D530068F3A2 /* CameraView.swift */,
				0B10E4302ABE538B007DE28B /* ViewModel.swift */,
				0B843DE22ABBA7D5002CA641 /* Assets.xcassets */,
				0B10E42B2ABE4F17007DE28B /* GoogleService-Info.plist */,
				0B843DE42ABBA7D5002CA641 /* Preview Content */,
			);
			path = SMR;
			sourceTree = "<group>";
		};
		0B843DE42ABBA7D5002CA641 /* Preview Content */ = {
			isa = PBXGroup;
			children = (
				0B843DE52ABBA7D5002CA641 /* Preview Assets.xcassets */,
			);
			path = "Preview Content";
			sourceTree = "<group>";
		};
		0BF55E772AC3145F000F3126 /* OneSignalNotificationServiceExtension */ = {
			isa = PBXGroup;
			children = (
				0BF55E782AC3145F000F3126 /* NotificationService.swift */,
				0BF55E7A2AC3145F000F3126 /* Info.plist */,
			);
			path = OneSignalNotificationServiceExtension;
			sourceTree = "<group>";
		};
/* End PBXGroup section */

/* Begin PBXNativeTarget section */
		0B843DDA2ABBA7D4002CA641 /* SMR */ = {
			isa = PBXNativeTarget;
			buildConfigurationList = 0B843DE92ABBA7D5002CA641 /* Build configuration list for PBXNativeTarget "SMR" */;
			buildPhases = (
				0B843DD72ABBA7D4002CA641 /* Sources */,
				0B843DD82ABBA7D4002CA641 /* Frameworks */,
				0B843DD92ABBA7D4002CA641 /* Resources */,
				0BF55E7E2AC3145F000F3126 /* Embed Foundation Extensions */,
			);
			buildRules = (
			);
			dependencies = (
				0BF55E7C2AC3145F000F3126 /* PBXTargetDependency */,
			);
			name = SMR;
			packageProductDependencies = (
				0B57A88B2ABDE31700D72FA0 /* OneSignalExtension */,
				0B57A88D2ABDE31700D72FA0 /* OneSignalFramework */,
				0B57A88F2ABDE31700D72FA0 /* OneSignalInAppMessages */,
				0B57A8912ABDE31700D72FA0 /* OneSignalLocation */,
				0BD9F7822ABF348D0068F3A2 /* FirebaseDatabase */,
				0BD9F7842ABF348D0068F3A2 /* FirebaseDatabaseSwift */,
			);
			productName = SMR;
			productReference = 0B843DDB2ABBA7D4002CA641 /* SMR.app */;
			productType = "com.apple.product-type.application";
		};
		0BF55E752AC3145F000F3126 /* OneSignalNotificationServiceExtension */ = {
			isa = PBXNativeTarget;
			buildConfigurationList = 0BF55E812AC3145F000F3126 /* Build configuration list for PBXNativeTarget "OneSignalNotificationServiceExtension" */;
			buildPhases = (
				0BF55E722AC3145F000F3126 /* Sources */,
				0BF55E732AC3145F000F3126 /* Frameworks */,
				0BF55E742AC3145F000F3126 /* Resources */,
			);
			buildRules = (
			);
			dependencies = (
			);
			name = OneSignalNotificationServiceExtension;
			productName = OneSignalNotificationServiceExtension;
			productReference = 0BF55E762AC3145F000F3126 /* OneSignalNotificationServiceExtension.appex */;
			productType = "com.apple.product-type.app-extension";
		};
/* End PBXNativeTarget section */

/* Begin PBXProject section */
		0B843DD32ABBA7D4002CA641 /* Project object */ = {
			isa = PBXProject;
			attributes = {
				BuildIndependentTargetsInParallel = 1;
				LastSwiftUpdateCheck = 1430;
				LastUpgradeCheck = 1430;
				TargetAttributes = {
					0B843DDA2ABBA7D4002CA641 = {
						CreatedOnToolsVersion = 14.3;
					};
					0BF55E752AC3145F000F3126 = {
						CreatedOnToolsVersion = 14.3;
					};
				};
			};
			buildConfigurationList = 0B843DD62ABBA7D4002CA641 /* Build configuration list for PBXProject "SMR" */;
			compatibilityVersion = "Xcode 14.0";
			developmentRegion = en;
			hasScannedForEncodings = 0;
			knownRegions = (
				en,
				Base,
			);
			mainGroup = 0B843DD22ABBA7D4002CA641;
			packageReferences = (
				0B57A88A2ABDE31700D72FA0 /* XCRemoteSwiftPackageReference "OneSignal-XCFramework" */,
				0BD9F7812ABF348D0068F3A2 /* XCRemoteSwiftPackageReference "firebase-ios-sdk" */,
			);
			productRefGroup = 0B843DDC2ABBA7D4002CA641 /* Products */;
			projectDirPath = "";
			projectRoot = "";
			targets = (
				0B843DDA2ABBA7D4002CA641 /* SMR */,
				0BF55E752AC3145F000F3126 /* OneSignalNotificationServiceExtension */,
			);
		};
/* End PBXProject section */

/* Begin PBXResourcesBuildPhase section */
		0B843DD92ABBA7D4002CA641 /* Resources */ = {
			isa = PBXResourcesBuildPhase;
			buildActionMask = 2147483647;
			files = (
				0B843DE62ABBA7D5002CA641 /* Preview Assets.xcassets in Resources */,
				0B10E42C2ABE4F17007DE28B /* GoogleService-Info.plist in Resources */,
				0B843DE32ABBA7D5002CA641 /* Assets.xcassets in Resources */,
			);
			runOnlyForDeploymentPostprocessing = 0;
		};
		0BF55E742AC3145F000F3126 /* Resources */ = {
			isa = PBXResourcesBuildPhase;
			buildActionMask = 2147483647;
			files = (
			);
			runOnlyForDeploymentPostprocessing = 0;
		};
/* End PBXResourcesBuildPhase section */

/* Begin PBXSourcesBuildPhase section */
		0B843DD72ABBA7D4002CA641 /* Sources */ = {
			isa = PBXSourcesBuildPhase;
			buildActionMask = 2147483647;
			files = (
				0B10E4312ABE538B007DE28B /* ViewModel.swift in Sources */,
				0B843DE12ABBA7D4002CA641 /* ContentView.swift in Sources */,
				0B843DEF2ABBB444002CA641 /* HomeView.swift in Sources */,
				0BD9F7872ABF3D530068F3A2 /* CameraView.swift in Sources */,
				0B843DDF2ABBA7D4002CA641 /* SMRApp.swift in Sources */,
				0BFBDDB72AC32656006E74FC /* ObjectListView.swift in Sources */,
				0B843DED2ABBA8D7002CA641 /* GetStartView.swift in Sources */,
			);
			runOnlyForDeploymentPostprocessing = 0;
		};
		0BF55E722AC3145F000F3126 /* Sources */ = {
			isa = PBXSourcesBuildPhase;
			buildActionMask = 2147483647;
			files = (
				0BF55E792AC3145F000F3126 /* NotificationService.swift in Sources */,
			);
			runOnlyForDeploymentPostprocessing = 0;
		};
/* End PBXSourcesBuildPhase section */

/* Begin PBXTargetDependency section */
		0BF55E7C2AC3145F000F3126 /* PBXTargetDependency */ = {
			isa = PBXTargetDependency;
			target = 0BF55E752AC3145F000F3126 /* OneSignalNotificationServiceExtension */;
			targetProxy = 0BF55E7B2AC3145F000F3126 /* PBXContainerItemProxy */;
		};
/* End PBXTargetDependency section */

/* Begin XCBuildConfiguration section */
		0B843DE72ABBA7D5002CA641 /* Debug */ = {
			isa = XCBuildConfiguration;
			buildSettings = {
				ALWAYS_SEARCH_USER_PATHS = NO;
				CLANG_ANALYZER_NONNULL = YES;
				CLANG_ANALYZER_NUMBER_OBJECT_CONVERSION = YES_AGGRESSIVE;
				CLANG_CXX_LANGUAGE_STANDARD = "gnu++20";
				CLANG_ENABLE_MODULES = YES;
				CLANG_ENABLE_OBJC_ARC = YES;
				CLANG_ENABLE_OBJC_WEAK = YES;
				CLANG_WARN_BLOCK_CAPTURE_AUTORELEASING = YES;
				CLANG_WARN_BOOL_CONVERSION = YES;
				CLANG_WARN_COMMA = YES;
				CLANG_WARN_CONSTANT_CONVERSION = YES;
				CLANG_WARN_DEPRECATED_OBJC_IMPLEMENTATIONS = YES;
				CLANG_WARN_DIRECT_OBJC_ISA_USAGE = YES_ERROR;
				CLANG_WARN_DOCUMENTATION_COMMENTS = YES;
				CLANG_WARN_EMPTY_BODY = YES;
				CLANG_WARN_ENUM_CONVERSION = YES;
				CLANG_WARN_INFINITE_RECURSION = YES;
				CLANG_WARN_INT_CONVERSION = YES;
				CLANG_WARN_NON_LITERAL_NULL_CONVERSION = YES;
				CLANG_WARN_OBJC_IMPLICIT_RETAIN_SELF = YES;
				CLANG_WARN_OBJC_LITERAL_CONVERSION = YES;
				CLANG_WARN_OBJC_ROOT_CLASS = YES_ERROR;
				CLANG_WARN_QUOTED_INCLUDE_IN_FRAMEWORK_HEADER = YES;
				CLANG_WARN_RANGE_LOOP_ANALYSIS = YES;
				CLANG_WARN_STRICT_PROTOTYPES = YES;
				CLANG_WARN_SUSPICIOUS_MOVE = YES;
				CLANG_WARN_UNGUARDED_AVAILABILITY = YES_AGGRESSIVE;
				CLANG_WARN_UNREACHABLE_CODE = YES;
				CLANG_WARN__DUPLICATE_METHOD_MATCH = YES;
				COPY_PHASE_STRIP = NO;
				DEBUG_INFORMATION_FORMAT = dwarf;
				ENABLE_STRICT_OBJC_MSGSEND = YES;
				ENABLE_TESTABILITY = YES;
				GCC_C_LANGUAGE_STANDARD = gnu11;
				GCC_DYNAMIC_NO_PIC = NO;
				GCC_NO_COMMON_BLOCKS = YES;
				GCC_OPTIMIZATION_LEVEL = 0;
				GCC_PREPROCESSOR_DEFINITIONS = (
					"DEBUG=1",
					"$(inherited)",
				);
				GCC_WARN_64_TO_32_BIT_CONVERSION = YES;
				GCC_WARN_ABOUT_RETURN_TYPE = YES_ERROR;
				GCC_WARN_UNDECLARED_SELECTOR = YES;
				GCC_WARN_UNINITIALIZED_AUTOS = YES_AGGRESSIVE;
				GCC_WARN_UNUSED_FUNCTION = YES;
				GCC_WARN_UNUSED_VARIABLE = YES;
				IPHONEOS_DEPLOYMENT_TARGET = 16.4;
				MTL_ENABLE_DEBUG_INFO = INCLUDE_SOURCE;
				MTL_FAST_MATH = YES;
				ONLY_ACTIVE_ARCH = YES;
				SDKROOT = iphoneos;
				SWIFT_ACTIVE_COMPILATION_CONDITIONS = DEBUG;
				SWIFT_OPTIMIZATION_LEVEL = "-Onone";
			};
			name = Debug;
		};
		0B843DE82ABBA7D5002CA641 /* Release */ = {
			isa = XCBuildConfiguration;
			buildSettings = {
				ALWAYS_SEARCH_USER_PATHS = NO;
				CLANG_ANALYZER_NONNULL = YES;
				CLANG_ANALYZER_NUMBER_OBJECT_CONVERSION = YES_AGGRESSIVE;
				CLANG_CXX_LANGUAGE_STANDARD = "gnu++20";
				CLANG_ENABLE_MODULES = YES;
				CLANG_ENABLE_OBJC_ARC = YES;
				CLANG_ENABLE_OBJC_WEAK = YES;
				CLANG_WARN_BLOCK_CAPTURE_AUTORELEASING = YES;
				CLANG_WARN_BOOL_CONVERSION = YES;
				CLANG_WARN_COMMA = YES;
				CLANG_WARN_CONSTANT_CONVERSION = YES;
				CLANG_WARN_DEPRECATED_OBJC_IMPLEMENTATIONS = YES;
				CLANG_WARN_DIRECT_OBJC_ISA_USAGE = YES_ERROR;
				CLANG_WARN_DOCUMENTATION_COMMENTS = YES;
				CLANG_WARN_EMPTY_BODY = YES;
				CLANG_WARN_ENUM_CONVERSION = YES;
				CLANG_WARN_INFINITE_RECURSION = YES;
				CLANG_WARN_INT_CONVERSION = YES;
				CLANG_WARN_NON_LITERAL_NULL_CONVERSION = YES;
				CLANG_WARN_OBJC_IMPLICIT_RETAIN_SELF = YES;
				CLANG_WARN_OBJC_LITERAL_CONVERSION = YES;
				CLANG_WARN_OBJC_ROOT_CLASS = YES_ERROR;
				CLANG_WARN_QUOTED_INCLUDE_IN_FRAMEWORK_HEADER = YES;
				CLANG_WARN_RANGE_LOOP_ANALYSIS = YES;
				CLANG_WARN_STRICT_PROTOTYPES = YES;
				CLANG_WARN_SUSPICIOUS_MOVE = YES;
				CLANG_WARN_UNGUARDED_AVAILABILITY = YES_AGGRESSIVE;
				CLANG_WARN_UNREACHABLE_CODE = YES;
				CLANG_WARN__DUPLICATE_METHOD_MATCH = YES;
				COPY_PHASE_STRIP = NO;
				DEBUG_INFORMATION_FORMAT = "dwarf-with-dsym";
				ENABLE_NS_ASSERTIONS = NO;
				ENABLE_STRICT_OBJC_MSGSEND = YES;
				GCC_C_LANGUAGE_STANDARD = gnu11;
				GCC_NO_COMMON_BLOCKS = YES;
				GCC_WARN_64_TO_32_BIT_CONVERSION = YES;
				GCC_WARN_ABOUT_RETURN_TYPE = YES_ERROR;
				GCC_WARN_UNDECLARED_SELECTOR = YES;
				GCC_WARN_UNINITIALIZED_AUTOS = YES_AGGRESSIVE;
				GCC_WARN_UNUSED_FUNCTION = YES;
				GCC_WARN_UNUSED_VARIABLE = YES;
				IPHONEOS_DEPLOYMENT_TARGET = 16.4;
				MTL_ENABLE_DEBUG_INFO = NO;
				MTL_FAST_MATH = YES;
				SDKROOT = iphoneos;
				SWIFT_COMPILATION_MODE = wholemodule;
				SWIFT_OPTIMIZATION_LEVEL = "-O";
				VALIDATE_PRODUCT = YES;
			};
			name = Release;
		};
		0B843DEA2ABBA7D5002CA641 /* Debug */ = {
			isa = XCBuildConfiguration;
			buildSettings = {
				ALWAYS_EMBED_SWIFT_STANDARD_LIBRARIES = YES;
				ASSETCATALOG_COMPILER_APPICON_NAME = AppIcon;
				ASSETCATALOG_COMPILER_GLOBAL_ACCENT_COLOR_NAME = AccentColor;
				CODE_SIGN_ENTITLEMENTS = SMR/SMR.entitlements;
				CODE_SIGN_STYLE = Automatic;
				CURRENT_PROJECT_VERSION = 1;
				DEVELOPMENT_ASSET_PATHS = "\"SMR/Preview Content\"";
				DEVELOPMENT_TEAM = B5297G38R8;
				ENABLE_PREVIEWS = YES;
				GENERATE_INFOPLIST_FILE = YES;
				INFOPLIST_FILE = SMR/Info.plist;
				INFOPLIST_KEY_UIApplicationSceneManifest_Generation = YES;
				INFOPLIST_KEY_UIApplicationSupportsIndirectInputEvents = YES;
				INFOPLIST_KEY_UILaunchScreen_Generation = YES;
				INFOPLIST_KEY_UISupportedInterfaceOrientations_iPad = "UIInterfaceOrientationPortrait UIInterfaceOrientationPortraitUpsideDown UIInterfaceOrientationLandscapeLeft UIInterfaceOrientationLandscapeRight";
				INFOPLIST_KEY_UISupportedInterfaceOrientations_iPhone = "UIInterfaceOrientationPortrait UIInterfaceOrientationLandscapeLeft UIInterfaceOrientationLandscapeRight";
				LD_RUNPATH_SEARCH_PATHS = (
					"$(inherited)",
					"@executable_path/Frameworks",
				);
				MARKETING_VERSION = 1.0;
				PRODUCT_BUNDLE_IDENTIFIER = com.ehwah.SMR;
				PRODUCT_NAME = "$(TARGET_NAME)";
				SWIFT_EMIT_LOC_STRINGS = YES;
				SWIFT_VERSION = 5.0;
				TARGETED_DEVICE_FAMILY = "1,2";
			};
			name = Debug;
		};
		0B843DEB2ABBA7D5002CA641 /* Release */ = {
			isa = XCBuildConfiguration;
			buildSettings = {
				ALWAYS_EMBED_SWIFT_STANDARD_LIBRARIES = YES;
				ASSETCATALOG_COMPILER_APPICON_NAME = AppIcon;
				ASSETCATALOG_COMPILER_GLOBAL_ACCENT_COLOR_NAME = AccentColor;
				CODE_SIGN_ENTITLEMENTS = SMR/SMR.entitlements;
				CODE_SIGN_STYLE = Automatic;
				CURRENT_PROJECT_VERSION = 1;
				DEVELOPMENT_ASSET_PATHS = "\"SMR/Preview Content\"";
				DEVELOPMENT_TEAM = B5297G38R8;
				ENABLE_PREVIEWS = YES;
				GENERATE_INFOPLIST_FILE = YES;
				INFOPLIST_FILE = SMR/Info.plist;
				INFOPLIST_KEY_UIApplicationSceneManifest_Generation = YES;
				INFOPLIST_KEY_UIApplicationSupportsIndirectInputEvents = YES;
				INFOPLIST_KEY_UILaunchScreen_Generation = YES;
				INFOPLIST_KEY_UISupportedInterfaceOrientations_iPad = "UIInterfaceOrientationPortrait UIInterfaceOrientationPortraitUpsideDown UIInterfaceOrientationLandscapeLeft UIInterfaceOrientationLandscapeRight";
				INFOPLIST_KEY_UISupportedInterfaceOrientations_iPhone = "UIInterfaceOrientationPortrait UIInterfaceOrientationLandscapeLeft UIInterfaceOrientationLandscapeRight";
				LD_RUNPATH_SEARCH_PATHS = (
					"$(inherited)",
					"@executable_path/Frameworks",
				);
				MARKETING_VERSION = 1.0;
				PRODUCT_BUNDLE_IDENTIFIER = com.ehwah.SMR;
				PRODUCT_NAME = "$(TARGET_NAME)";
				SWIFT_EMIT_LOC_STRINGS = YES;
				SWIFT_VERSION = 5.0;
				TARGETED_DEVICE_FAMILY = "1,2";
			};
			name = Release;
		};
		0BF55E7F2AC3145F000F3126 /* Debug */ = {
			isa = XCBuildConfiguration;
			buildSettings = {
				CODE_SIGN_STYLE = Automatic;
				CURRENT_PROJECT_VERSION = 1;
				DEVELOPMENT_TEAM = B5297G38R8;
				GENERATE_INFOPLIST_FILE = YES;
				INFOPLIST_FILE = OneSignalNotificationServiceExtension/Info.plist;
				INFOPLIST_KEY_CFBundleDisplayName = OneSignalNotificationServiceExtension;
				INFOPLIST_KEY_NSHumanReadableCopyright = "";
				LD_RUNPATH_SEARCH_PATHS = (
					"$(inherited)",
					"@executable_path/Frameworks",
					"@executable_path/../../Frameworks",
				);
				MARKETING_VERSION = 1.0;
				PRODUCT_BUNDLE_IDENTIFIER = com.ehwah.SMR.OneSignalNotificationServiceExtension;
				PRODUCT_NAME = "$(TARGET_NAME)";
				SKIP_INSTALL = YES;
				SWIFT_EMIT_LOC_STRINGS = YES;
				SWIFT_VERSION = 5.0;
				TARGETED_DEVICE_FAMILY = "1,2";
			};
			name = Debug;
		};
		0BF55E802AC3145F000F3126 /* Release */ = {
			isa = XCBuildConfiguration;
			buildSettings = {
				CODE_SIGN_STYLE = Automatic;
				CURRENT_PROJECT_VERSION = 1;
				DEVELOPMENT_TEAM = B5297G38R8;
				GENERATE_INFOPLIST_FILE = YES;
				INFOPLIST_FILE = OneSignalNotificationServiceExtension/Info.plist;
				INFOPLIST_KEY_CFBundleDisplayName = OneSignalNotificationServiceExtension;
				INFOPLIST_KEY_NSHumanReadableCopyright = "";
				LD_RUNPATH_SEARCH_PATHS = (
					"$(inherited)",
					"@executable_path/Frameworks",
					"@executable_path/../../Frameworks",
				);
				MARKETING_VERSION = 1.0;
				PRODUCT_BUNDLE_IDENTIFIER = com.ehwah.SMR.OneSignalNotificationServiceExtension;
				PRODUCT_NAME = "$(TARGET_NAME)";
				SKIP_INSTALL = YES;
				SWIFT_EMIT_LOC_STRINGS = YES;
				SWIFT_VERSION = 5.0;
				TARGETED_DEVICE_FAMILY = "1,2";
			};
			name = Release;
		};
/* End XCBuildConfiguration section */

/* Begin XCConfigurationList section */
		0B843DD62ABBA7D4002CA641 /* Build configuration list for PBXProject "SMR" */ = {
			isa = XCConfigurationList;
			buildConfigurations = (
				0B843DE72ABBA7D5002CA641 /* Debug */,
				0B843DE82ABBA7D5002CA641 /* Release */,
			);
			defaultConfigurationIsVisible = 0;
			defaultConfigurationName = Release;
		};
		0B843DE92ABBA7D5002CA641 /* Build configuration list for PBXNativeTarget "SMR" */ = {
			isa = XCConfigurationList;
			buildConfigurations = (
				0B843DEA2ABBA7D5002CA641 /* Debug */,
				0B843DEB2ABBA7D5002CA641 /* Release */,
			);
			defaultConfigurationIsVisible = 0;
			defaultConfigurationName = Release;
		};
		0BF55E812AC3145F000F3126 /* Build configuration list for PBXNativeTarget "OneSignalNotificationServiceExtension" */ = {
			isa = XCConfigurationList;
			buildConfigurations = (
				0BF55E7F2AC3145F000F3126 /* Debug */,
				0BF55E802AC3145F000F3126 /* Release */,
			);
			defaultConfigurationIsVisible = 0;
			defaultConfigurationName = Release;
		};
/* End XCConfigurationList section */

/* Begin XCRemoteSwiftPackageReference section */
		0B57A88A2ABDE31700D72FA0 /* XCRemoteSwiftPackageReference "OneSignal-XCFramework" */ = {
			isa = XCRemoteSwiftPackageReference;
			repositoryURL = "https://github.com/OneSignal/OneSignal-XCFramework";
			requirement = {
				kind = upToNextMajorVersion;
				minimumVersion = 5.0.0;
			};
		};
		0BD9F7812ABF348D0068F3A2 /* XCRemoteSwiftPackageReference "firebase-ios-sdk" */ = {
			isa = XCRemoteSwiftPackageReference;
			repositoryURL = "https://github.com/firebase/firebase-ios-sdk";
			requirement = {
				kind = upToNextMajorVersion;
				minimumVersion = 10.0.0;
			};
		};
/* End XCRemoteSwiftPackageReference section */

/* Begin XCSwiftPackageProductDependency section */
		0B57A88B2ABDE31700D72FA0 /* OneSignalExtension */ = {
			isa = XCSwiftPackageProductDependency;
			package = 0B57A88A2ABDE31700D72FA0 /* XCRemoteSwiftPackageReference "OneSignal-XCFramework" */;
			productName = OneSignalExtension;
		};
		0B57A88D2ABDE31700D72FA0 /* OneSignalFramework */ = {
			isa = XCSwiftPackageProductDependency;
			package = 0B57A88A2ABDE31700D72FA0 /* XCRemoteSwiftPackageReference "OneSignal-XCFramework" */;
			productName = OneSignalFramework;
		};
		0B57A88F2ABDE31700D72FA0 /* OneSignalInAppMessages */ = {
			isa = XCSwiftPackageProductDependency;
			package = 0B57A88A2ABDE31700D72FA0 /* XCRemoteSwiftPackageReference "OneSignal-XCFramework" */;
			productName = OneSignalInAppMessages;
		};
		0B57A8912ABDE31700D72FA0 /* OneSignalLocation */ = {
			isa = XCSwiftPackageProductDependency;
			package = 0B57A88A2ABDE31700D72FA0 /* XCRemoteSwiftPackageReference "OneSignal-XCFramework" */;
			productName = OneSignalLocation;
		};
		0BD9F7822ABF348D0068F3A2 /* FirebaseDatabase */ = {
			isa = XCSwiftPackageProductDependency;
			package = 0BD9F7812ABF348D0068F3A2 /* XCRemoteSwiftPackageReference "firebase-ios-sdk" */;
			productName = FirebaseDatabase;
		};
		0BD9F7842ABF348D0068F3A2 /* FirebaseDatabaseSwift */ = {
			isa = XCSwiftPackageProductDependency;
			package = 0BD9F7812ABF348D0068F3A2 /* XCRemoteSwiftPackageReference "firebase-ios-sdk" */;
			productName = FirebaseDatabaseSwift;
		};
/* End XCSwiftPackageProductDependency section */
	};
	rootObject = 0B843DD32ABBA7D4002CA641 /* Project object */;
}
